
Microsoft Visual Studio Solution File, Format Version 12.00
# Visual Studio Version 16
VisualStudioVersion = 16.0.30011.22
MinimumVisualStudioVersion = 10.0.40219.1
Project("{FAE04EC0-301F-11D3-BF4B-00C04F79EFBC}") = "ConsoleApp1", "ConsoleApp1\ConsoleApp1.csproj", "{C6609606-24A4-4C30-BC72-722B4E2BB7F2}"
EndProject
Global
	GlobalSection(SolutionConfigurationPlatforms) = preSolution
		Debug|Any CPU = Debug|Any CPU
		Release|Any CPU = Release|Any CPU
	EndGlobalSection
	GlobalSection(ProjectConfigurationPlatforms) = postSolution
		{C6609606-24A4-4C30-BC72-722B4E2BB7F2}.Debug|Any CPU.ActiveCfg = Debug|Any CPU
		{C6609606-24A4-4C30-BC72-722B4E2BB7F2}.Debug|Any CPU.Build.0 = Debug|Any CPU
		{C6609606-24A4-4C30-BC72-722B4E2BB7F2}.Release|Any CPU.ActiveCfg = Release|Any CPU
		{C6609606-24A4-4C30-BC72-722B4E2BB7F2}.Release|Any CPU.Build.0 = Release|Any CPU
	EndGlobalSection
	GlobalSection(SolutionProperties) = preSolution
		HideSolutionNode = FALSE
	EndGlobalSection
	GlobalSection(ExtensibilityGlobals) = postSolution
		SolutionGuid = {659F5D44-5B50-4600-9587-5057E2AF007D}
	EndGlobalSection
EndGlobal
